
Microsoft Visual Studio Solution File, Format Version 12.00
# Visual Studio Version 16
VisualStudioVersion = 16.0.28803.352
MinimumVisualStudioVersion = 10.0.40219.1
Project("{FAE04EC0-301F-11D3-BF4B-00C04F79EFBC}") = "DoAn1-LapTrinhWindows", "DoAn1-LapTrinhWindows\DoAn1-LapTrinhWindows.csproj", "{70E16DEF-EA9F-4EB6-BB14-B4A22E58FADE}"
EndProject
Global
	GlobalSection(SolutionConfigurationPlatforms) = preSolution
		Debug|Any CPU = Debug|Any CPU
		Release|Any CPU = Release|Any CPU
	EndGlobalSection
	GlobalSection(ProjectConfigurationPlatforms) = postSolution
		{70E16DEF-EA9F-4EB6-BB14-B4A22E58FADE}.Debug|Any CPU.ActiveCfg = Debug|Any CPU
		{70E16DEF-EA9F-4EB6-BB14-B4A22E58FADE}.Debug|Any CPU.Build.0 = Debug|Any CPU
		{70E16DEF-EA9F-4EB6-BB14-B4A22E58FADE}.Release|Any CPU.ActiveCfg = Release|Any CPU
		{70E16DEF-EA9F-4EB6-BB14-B4A22E58FADE}.Release|Any CPU.Build.0 = Release|Any CPU
	EndGlobalSection
	GlobalSection(SolutionProperties) = preSolution
		HideSolutionNode = FALSE
	EndGlobalSection
	GlobalSection(ExtensibilityGlobals) = postSolution
		SolutionGuid = {83F6EBF8-E0C9-4979-9927-9F579078357F}
	EndGlobalSection
EndGlobal
